version: 1
checksums:
  56f1d792e5cf2a49d9f48cfa2a009037:
    landing.header: c3f69ea4c0c89d93a000709d6581ab2c
    landing.subheader: e21c396b4e4501fff9509120c2b9539c
    landing.cta.getStarted: 5c783951b0100a168bdd2161ff294833
    landing.features.fast: ac37072964d75af0da1a793e033e52c3
    landing.features.accurate: 9265115c87983f37db2c2cef75ae2924
    app.signUp: cc8b6e727355b54f552b1a3bc89c3dd3
    app.username: 2ee65bc2dd2f12cf2672f95b2a054bf8
    app.enterUsername: 576f2425b8e1960a514940d201783079
    app.emailAddress: 0ee22bbbe989a0c61a18023407d12dc2
    app.enterEmail: 39931962707c99b99a5a073ab579396b
    app.password: 223a61cf906ab9c40d22612c588dff48
    app.enterPassword: ea4fdd034522dead21bae0c0abb52eae
    app.confirmPassword: 140bae95eb2040668118c6244c4a4825
    app.confirmYourPassword: 224b4aa56991875af1df9d3b102de647
    app.agreeTerms: 5c627028f90bc51dd906abcb567e0324
    app.terms: c531b88ecfe7dd2337a34f4a9ed18a5f
    app.and: ce8b9bb44f031705708a70e068bb73c8
    app.privacyPolicy: 7459744a63ef8af4e517a09024bd7c08
    app.or: 0208d355f231c386b19390f0bea41b95
    app.signUpWithGoogle: ae82b623c9c9f5a17b48bbbc87c8ecc2
    app.signUpWithGithub: ae9c2f754697be2950b17d207c41358d
    app.alreadyHaveAccount: 699043a787e26ec2ecad53f52df28d5b
    app.logIn: 0029e5a35676c0051e761fcd046ef9ee
    blog.title: 7feb9b36be2028520ffe37de06505148
    blog.subtitle: 0565b350c978509c28c11991ff3e5b24
    rootlayout.logo.alt: 47fa6b3978c1c06acc29b6cae393b0c9
    rootlayout.nav.home: 104a3db3b671c04e167eafbe21e57881
    rootlayout.nav.app: 77e32ac4e5a1e01bc9a6a15fdfef9bf8
    rootlayout.nav.blog: 7feb9b36be2028520ffe37de06505148
    rootlayout.button.signin: ec7b8f314fe9bc6591006707484ede61
    rootlayout.button.signup: 0dd2ae69be4618c1f9e615774a4509ca
    rootlayout.footer.copyright: 80ad65b52a6626a3c1ab77a99f7f3a50
    rootlayout.language.english: e1eeeb379f86a015d6e581fcbc4af7f3
    rootlayout.language.spanish: e1cd9645ddb854071941a3a23af9eaaf
  54dab387510cbf61e0237dce6124b777:
    "0": 51adf33450cab2ef392e93147386647c
    "1": 3728d98c4e7dcc2a8078265f30b45c98
    "2": 51adf33450cab2ef392e93147386647c
    "3": 6c1bd156be5138076bd8ba53f819c404
    "4": d239e77112bc647089335c92f53f289a
    "5": 92d4b63b79dd1ba3313581b96c0c8e5c
    "6": 41235f74b5fbdd35f1e5ac2382cfd240
    "7": f6711ef428328050d048b39f17d1882a
    "8": a9d5937be7aca4d3db9e16d10ab74806
    "9": a699e9aedd1f57d3a534d4be9f0eb84f
    "10": 8c0f89a986ffcc2d391e075195e41a68
    "11": 42f9a4f2b559ef32873c3deb3ddeeb3a
    "12": 9aae453cf99260558addcee6815f2df2
    "13": 68e62dab25b26b8f0f2ccc0899e7c147
  d815c52d01c1a3fbec3fd69c1aa7fbe4:
    "0": 51adf33450cab2ef392e93147386647c
    "1": 2cd2f177d5531798d4888d04a65222f3
    "2": 51adf33450cab2ef392e93147386647c
    "3": 6c1bd156be5138076bd8ba53f819c404
    "4": 7c80c2208401458041153f85018955b9
    "5": 1ab240e5cc5874725036e0a074f073c5
    "6": 3ced84fc5432c0fc1ac2dc2937c1ae49
    "7": 024f15f9f37124c371e017c36bb7b5e4
    "8": f5f7f22e4650cdff75ffa6ff36749b59
    "9": 093ef0dc16d4a93da1b5813d1bfb14dc
    "10": 7d157d6ca8e9490c962bfa681bdb056d
    "11": 42d0f495d706655ef75a3efcf0b72a77
    "12": 9aae453cf99260558addcee6815f2df2
    "13": ef3f3d53b443e175bbe95f9b55d4c2d3
  daed206a23d6612b884a805fff0ae940:
    "0": 51adf33450cab2ef392e93147386647c
    "1": 8ccda0c153db5d32b6ef8fee0ac015ec
    "2": 51adf33450cab2ef392e93147386647c
    "3": 6c1bd156be5138076bd8ba53f819c404
    "4": 188985964ef049975ad4b5e08f670253
    "5": 260e73ea5039bc845e9c225ffe51c9f0
    "6": 9b385edd9d40370cf4edff73bdfbd6f6
    "7": 690dda976d07d23f54b32d1bc0f985dc
    "8": 6826a6b306426d7f90491dd1f51b7ab9
    "9": 3567eaada29f4a1a8cb98a93fcfd6823
    "10": 75a453ea8181b4988aaac9df1c566894
    "11": e444b181b95e6841f9f00f8708d0b035
    "12": 9aae453cf99260558addcee6815f2df2
    "13": fc3e3f5188fa42f4a3bdf603d83f4632
