version: 1
checksums:
  56f1d792e5cf2a49d9f48cfa2a009037:
    "0": 1eb4a865becd4c481fe0fc5342fa171d
    "1": e6cbbc0a4cc45a3e9849bbad4822b1d3
    "2": 8e195ddd6eabcdbe93c6c332fa9c5282
    "3": 596a978c9a93f9442a567d400add223b
    "4": 28529dc2426ab308e57f36ed7de93a3a
    "5": 3bfe3fbdadd9122d60aa75c24790140c
    "6": 59a5c5f4cf42c5d5e87fdbd711c2aab7
    "7": 596a978c9a93f9442a567d400add223b
    "8": 28529dc2426ab308e57f36ed7de93a3a
    "9": bd1ecb2276bd6f8df0af5280d4a3634f
    "10": 5956f624800ed7e04ce92f3f14a18841
    "11": a2b6214550509d7aeccc721c300da8d6
    "12": 254e095ab3cf8702c180a8c20f172ea7
    "13": fc9ed8fef7b4900c27435c8d75d6112c
    "14": 8ca4675858bfe7ac063fe7fd75419f08
    "15": 680f7639d6def9a224135b5a2512ebf3
    "16": f6f8f42383dee35ee674f7f081e67ec8
    "17": bf4f61d1bef311930ae2b53fb4675b8d
    "18": 497e91bb0f0375e4d0b78753e827b538
    "19": a4098684f8afa18b061dec631081fe95
    "20": b73c4224f2e74cb7713991ee91b2763e
    "21": 276896551317cba1b4591f2d64da6ce9
    "22": 28529dc2426ab308e57f36ed7de93a3a
    "23": 96ae0f9e95b0178ffd9078494cba386a
    "24": 28529dc2426ab308e57f36ed7de93a3a
    "25": 3bfe3fbdadd9122d60aa75c24790140c
    "26": 0b29570600df95c9da08e01a3b812db1
    "27": 969b44032c99b5efb54f78e9c95d16f0
    "28": 62e01f18b5cd53109bc434d464506e59
    "29": fc9ed8fef7b4900c27435c8d75d6112c
    "30": 6ddce4fa9eda1f7c6bb8de5547f39c80
    "31": 1ece64eb125a035164192e2eaf714ca0
    "32": b73c4224f2e74cb7713991ee91b2763e
    "33": a7e662c94886c5db3ad55a6976719b6c
    "34": d18e74cf11e2e8cc11bbd1c71d7e6973
    "35": b96692323d61bb1d839c1e5b114faa6d
    "36": 3bfe3fbdadd9122d60aa75c24790140c
    "37": bd1ecb2276bd6f8df0af5280d4a3634f
    "38": 680f7639d6def9a224135b5a2512ebf3
    "39": 40b13148394abe226dfad7d0114315c9
  edadd08db5ea4755a3baba4cc34e572e:
    md-section-0: 41df1ef76b49a4a5b845503fb3b13680
    md-section-1: 733ea083d737659851c6e4f9d7a1a98f
    md-section-2: a63604d5bf3d5f2ce0ed0500ec639405
    md-section-3: 62ce18446234b09be67f50486f3df768
    md-section-4: cc36a6c6e74708ec488880e3009fa141
    md-section-5: 076d48d1112f6c0a8ead08874e8e8587
    md-section-6: 68c1881ce1b2721691c95347065e1997
    md-section-7: 421df56fcf2dff5e5d3fd3e57c9c012e
    md-section-8: aaf11a1ad2770980d1df8331c8b35e5b
    md-section-9: 0085f7a63e949856282ec40e3851a390
    md-section-10: 51adf33450cab2ef392e93147386647c
    md-section-11: 7920d01e704f7a80fd1a9a9ba8375bc0
    fm-attr-title: d9cc5a85185fc28f985b6a4d29d004cc
    fm-attr-subtitle: fcc45a782253b55cccbf6955bea0b326
  b7a2d639bee077992c546242ea32449c:
    md-section-0: 1bdbff5d75b65eba372581df56c9a988
    md-section-1: 86825860ac67a7cd7ef6ffbeedd2b955
    md-section-2: 5262bba01b53ea1bac7250e3732219a9
    md-section-3: e7c28cfb18e4c7c6e16bd75eebafbca2
    md-section-4: 14c07462bbaa0f1c4c005cdf2e09821e
    md-section-5: 097c9192bc0905d006f44d3a2a7320b2
    md-section-6: 4489e1605a59276a045e751c14b71c2d
    md-section-7: 745b4f47c06f44ceed5e1ec3050bdd6c
    md-section-8: c92bbe2aeec8a47175b2efd622585353
    md-section-9: 3138327f564c55fc566cf858893b62d2
    md-section-10: 51adf33450cab2ef392e93147386647c
    md-section-11: 3f91851767dc779808acdb006213a187
    fm-attr-title: b120e5225c1460a0d7ae7382e954545e
    fm-attr-subtitle: 8965e06397eed2d912281837764daf55
  02f939c432024c0876f1ad5bdcb74484:
    md-section-0: 658e45e01f3099eff0459ee8ddf34f0e
    md-section-1: a8cd9aa66186c46fa4decda6da451026
    md-section-2: 7dce67ba21035da19a96380535ad1ab2
    md-section-3: a2e7311ff1621927f28fcdf6b9ee1856
    md-section-4: 067810725d6c93b2312738021754085b
    md-section-5: 0c7e2999306a9b9c367adec2b9c2dd2a
    md-section-6: cce9d0a9b4428f30858288ca4db87157
    md-section-7: 8205bbb59aa33b086a9efd67d5d64127
    md-section-8: ae961d03465a3bab410e6eb3ba1a0d84
    md-section-9: 8e8f9d02882bf78057c77436f293b3c1
    md-section-10: 51adf33450cab2ef392e93147386647c
    md-section-11: 0563614575f72835ffbcfa85986837d9
    fm-attr-title: e1627fd610fbad411927c63f5d1611e6
    fm-attr-subtitle: b7515a682ff981437e4db4fac9344d6d
